
Microsoft Visual Studio Solution File, Format Version 12.00
# Visual Studio Version 17
VisualStudioVersion = 17.8.34408.163
MinimumVisualStudioVersion = 10.0.40219.1
Project("{9A19103F-16F7-4668-BE54-9A1E7A4F7556}") = "Empresa.Backend", "Empresa.Backend\Empresa.Backend.csproj", "{8711A520-67EC-4124-977E-A149AD390047}"
EndProject
Project("{9A19103F-16F7-4668-BE54-9A1E7A4F7556}") = "Empresa.Frontend", "Empresa.Frontend\Empresa.Frontend.csproj", "{F30598F7-DB39-4702-9DD6-3B6E5F8EB6DD}"
EndProject
Project("{9A19103F-16F7-4668-BE54-9A1E7A4F7556}") = "Empresa.Shared", "Empresa.Shared\Empresa.Shared.csproj", "{C1DA0D2D-6349-4745-AB48-8EE5C2AC0342}"
EndProject
Project("{9A19103F-16F7-4668-BE54-9A1E7A4F7556}") = "Empresa.Test", "Empresa.Test\Empresa.Test.csproj", "{E48EC595-CBA3-47E1-B19B-70AC36085D9B}"
EndProject
Global
	GlobalSection(SolutionConfigurationPlatforms) = preSolution
		Debug|Any CPU = Debug|Any CPU
		Release|Any CPU = Release|Any CPU
	EndGlobalSection
	GlobalSection(ProjectConfigurationPlatforms) = postSolution
		{8711A520-67EC-4124-977E-A149AD390047}.Debug|Any CPU.ActiveCfg = Debug|Any CPU
		{8711A520-67EC-4124-977E-A149AD390047}.Debug|Any CPU.Build.0 = Debug|Any CPU
		{8711A520-67EC-4124-977E-A149AD390047}.Release|Any CPU.ActiveCfg = Release|Any CPU
		{8711A520-67EC-4124-977E-A149AD390047}.Release|Any CPU.Build.0 = Release|Any CPU
		{F30598F7-DB39-4702-9DD6-3B6E5F8EB6DD}.Debug|Any CPU.ActiveCfg = Debug|Any CPU
		{F30598F7-DB39-4702-9DD6-3B6E5F8EB6DD}.Debug|Any CPU.Build.0 = Debug|Any CPU
		{F30598F7-DB39-4702-9DD6-3B6E5F8EB6DD}.Release|Any CPU.ActiveCfg = Release|Any CPU
		{F30598F7-DB39-4702-9DD6-3B6E5F8EB6DD}.Release|Any CPU.Build.0 = Release|Any CPU
		{C1DA0D2D-6349-4745-AB48-8EE5C2AC0342}.Debug|Any CPU.ActiveCfg = Debug|Any CPU
		{C1DA0D2D-6349-4745-AB48-8EE5C2AC0342}.Debug|Any CPU.Build.0 = Debug|Any CPU
		{C1DA0D2D-6349-4745-AB48-8EE5C2AC0342}.Release|Any CPU.ActiveCfg = Release|Any CPU
		{C1DA0D2D-6349-4745-AB48-8EE5C2AC0342}.Release|Any CPU.Build.0 = Release|Any CPU
		{E48EC595-CBA3-47E1-B19B-70AC36085D9B}.Debug|Any CPU.ActiveCfg = Debug|Any CPU
		{E48EC595-CBA3-47E1-B19B-70AC36085D9B}.Debug|Any CPU.Build.0 = Debug|Any CPU
		{E48EC595-CBA3-47E1-B19B-70AC36085D9B}.Release|Any CPU.ActiveCfg = Release|Any CPU
		{E48EC595-CBA3-47E1-B19B-70AC36085D9B}.Release|Any CPU.Build.0 = Release|Any CPU
	EndGlobalSection
	GlobalSection(SolutionProperties) = preSolution
		HideSolutionNode = FALSE
	EndGlobalSection
	GlobalSection(ExtensibilityGlobals) = postSolution
		SolutionGuid = {85280D58-E54D-4CD5-B171-3B204D92EA01}
	EndGlobalSection
EndGlobal
